// !$*UTF8*$!
{
	archiveVersion = 1;
	classes = {
	};
	objectVersion = 48;
	objects = {

/* Begin PBXBuildFile section */
		48918341F557D330DCEAA263 /* Pods_MakePauU.framework in Frameworks */ = {isa = PBXBuildFile; fileRef = FB7431953B05FD8EAE1ADA1F /* Pods_MakePauU.framework */; };
		8C08FEF92079C50F0021B343 /* RegisterVC.swift in Sources */ = {isa = PBXBuildFile; fileRef = 8C08FEF82079C50F0021B343 /* RegisterVC.swift */; };
		8C08FEFB2079D3E70021B343 /* DateTextField.swift in Sources */ = {isa = PBXBuildFile; fileRef = 8C08FEFA2079D3E70021B343 /* DateTextField.swift */; };
		8C08FEFD2079D7EF0021B343 /* DateTextFieldLong.swift in Sources */ = {isa = PBXBuildFile; fileRef = 8C08FEFC2079D7EF0021B343 /* DateTextFieldLong.swift */; };
		8C08FF022079DC620021B343 /* DLRadioButton.m in Sources */ = {isa = PBXBuildFile; fileRef = 8C08FF012079DC620021B343 /* DLRadioButton.m */; };
		8C08FF042079E05D0021B343 /* CustomButton.swift in Sources */ = {isa = PBXBuildFile; fileRef = 8C08FF032079E05D0021B343 /* CustomButton.swift */; };
		8C08FF06207A02800021B343 /* GoogleService-Info.plist in Resources */ = {isa = PBXBuildFile; fileRef = 8C08FF05207A02800021B343 /* GoogleService-Info.plist */; };
		8C08FF08207A0C930021B343 /* UITabBarControllerExt.swift in Sources */ = {isa = PBXBuildFile; fileRef = 8C08FF07207A0C930021B343 /* UITabBarControllerExt.swift */; };
		8C08FF0A207A12D80021B343 /* CustomTabBar.swift in Sources */ = {isa = PBXBuildFile; fileRef = 8C08FF09207A12D80021B343 /* CustomTabBar.swift */; };
		8C08FF0C207A19B20021B343 /* UIViewExt.swift in Sources */ = {isa = PBXBuildFile; fileRef = 8C08FF0B207A19B20021B343 /* UIViewExt.swift */; };
		8C08FF0E207A284D0021B343 /* ProfileImageView.swift in Sources */ = {isa = PBXBuildFile; fileRef = 8C08FF0D207A284D0021B343 /* ProfileImageView.swift */; };
		8C08FF10207A2BB10021B343 /* StartButton.swift in Sources */ = {isa = PBXBuildFile; fileRef = 8C08FF0F207A2BB10021B343 /* StartButton.swift */; };
		8C11B9F92083544F00DDCDBF /* RoomMemberCell.swift in Sources */ = {isa = PBXBuildFile; fileRef = 8C11B9F82083544F00DDCDBF /* RoomMemberCell.swift */; };
		8C11B9FB2083557A00DDCDBF /* RoomMemberItem.swift in Sources */ = {isa = PBXBuildFile; fileRef = 8C11B9FA2083557A00DDCDBF /* RoomMemberItem.swift */; };
		8C11B9FE20835CAD00DDCDBF /* StartStatus.swift in Sources */ = {isa = PBXBuildFile; fileRef = 8C11B9FD20835CAD00DDCDBF /* StartStatus.swift */; };
		8C11BA072084879000DDCDBF /* CountDownVC.swift in Sources */ = {isa = PBXBuildFile; fileRef = 8C11BA062084879000DDCDBF /* CountDownVC.swift */; };
		8C11BA092088FC4700DDCDBF /* GameStatus.swift in Sources */ = {isa = PBXBuildFile; fileRef = 8C11BA082088FC4700DDCDBF /* GameStatus.swift */; };
		8C34F75C20959F02003958FD /* UserVC.swift in Sources */ = {isa = PBXBuildFile; fileRef = 8C34F75B20959F02003958FD /* UserVC.swift */; };
		8C34F75E20959FC0003958FD /* UserImageCell.swift in Sources */ = {isa = PBXBuildFile; fileRef = 8C34F75D20959FC0003958FD /* UserImageCell.swift */; };
		8C34F7602095A020003958FD /* UserImageItem.swift in Sources */ = {isa = PBXBuildFile; fileRef = 8C34F75F2095A020003958FD /* UserImageItem.swift */; };
		8C34F7632095A668003958FD /* ApiService.swift in Sources */ = {isa = PBXBuildFile; fileRef = 8C34F7622095A668003958FD /* ApiService.swift */; };
		8C34F7652095A848003958FD /* ResgisterInfo.swift in Sources */ = {isa = PBXBuildFile; fileRef = 8C34F7642095A848003958FD /* ResgisterInfo.swift */; };
		8C34F7672095B80F003958FD /* LoginInfo.swift in Sources */ = {isa = PBXBuildFile; fileRef = 8C34F7662095B80F003958FD /* LoginInfo.swift */; };
		8C34F7692095C188003958FD /* MemberId.swift in Sources */ = {isa = PBXBuildFile; fileRef = 8C34F7682095C188003958FD /* MemberId.swift */; };
		8C34F76B2095F1E7003958FD /* StatCell.swift in Sources */ = {isa = PBXBuildFile; fileRef = 8C34F76A2095F1E7003958FD /* StatCell.swift */; };
		8C34F76D2095F27A003958FD /* StatItem.swift in Sources */ = {isa = PBXBuildFile; fileRef = 8C34F76C2095F27A003958FD /* StatItem.swift */; };
		8C425A1B20B710B800CB7E39 /* SettingCell.swift in Sources */ = {isa = PBXBuildFile; fileRef = 8C425A1920B710B800CB7E39 /* SettingCell.swift */; };
		8C425A1C20B710B800CB7E39 /* SettingCell.xib in Resources */ = {isa = PBXBuildFile; fileRef = 8C425A1A20B710B800CB7E39 /* SettingCell.xib */; };
		8C52B9DE208A4A4A003002AE /* MenuBar.swift in Sources */ = {isa = PBXBuildFile; fileRef = 8C52B9DD208A4A4A003002AE /* MenuBar.swift */; };
		8C52B9E0208A50F1003002AE /* RankingVC.swift in Sources */ = {isa = PBXBuildFile; fileRef = 8C52B9DF208A50F1003002AE /* RankingVC.swift */; };
		8C52B9E2208A5249003002AE /* MenuBarCell.swift in Sources */ = {isa = PBXBuildFile; fileRef = 8C52B9E1208A5249003002AE /* MenuBarCell.swift */; };
		8C52B9EA208C4544003002AE /* ContentViewCell.swift in Sources */ = {isa = PBXBuildFile; fileRef = 8C52B9E9208C4544003002AE /* ContentViewCell.swift */; };
		8C52B9EC208C4E24003002AE /* RankCell.swift in Sources */ = {isa = PBXBuildFile; fileRef = 8C52B9EB208C4E24003002AE /* RankCell.swift */; };
		8C52B9EE208C603C003002AE /* RankItem.swift in Sources */ = {isa = PBXBuildFile; fileRef = 8C52B9ED208C603C003002AE /* RankItem.swift */; };
		8C6BBDAA20AC007900575B7C /* FriendListVC.swift in Sources */ = {isa = PBXBuildFile; fileRef = 8C6BBDA920AC007900575B7C /* FriendListVC.swift */; };
		8C6BBDAC20AC016900575B7C /* UISearchBarExt.swift in Sources */ = {isa = PBXBuildFile; fileRef = 8C6BBDAB20AC016900575B7C /* UISearchBarExt.swift */; };
		8C6BBDB020AC04B300575B7C /* SearchBarSegue.swift in Sources */ = {isa = PBXBuildFile; fileRef = 8C6BBDAF20AC04B300575B7C /* SearchBarSegue.swift */; };
		8C6E2D6320905D150068D462 /* Ramp.swift in Sources */ = {isa = PBXBuildFile; fileRef = 8C6E2D6220905D150068D462 /* Ramp.swift */; };
		8C6E2D652090EA070068D462 /* ARVC_New.swift in Sources */ = {isa = PBXBuildFile; fileRef = 8C6E2D642090EA070068D462 /* ARVC_New.swift */; };
		8C6E9D00208C7803000551D1 /* art.scnassets in Resources */ = {isa = PBXBuildFile; fileRef = 8C6E9CFF208C7802000551D1 /* art.scnassets */; };
		8C6F29AA20987AA700FE40A2 /* TextViewCell.swift in Sources */ = {isa = PBXBuildFile; fileRef = 8C6F29A920987AA700FE40A2 /* TextViewCell.swift */; };
		8C6F29AC20987BD500FE40A2 /* TextViewItem.swift in Sources */ = {isa = PBXBuildFile; fileRef = 8C6F29AB20987BD500FE40A2 /* TextViewItem.swift */; };
		8C80218E20BA5CF60051EF3D /* MailboxVC.swift in Sources */ = {isa = PBXBuildFile; fileRef = 8C80218D20BA5CF60051EF3D /* MailboxVC.swift */; };
		8C80219120BA68730051EF3D /* MailboxCell.swift in Sources */ = {isa = PBXBuildFile; fileRef = 8C80219020BA68730051EF3D /* MailboxCell.swift */; };
		8C80219420BA69850051EF3D /* MailboxItem.swift in Sources */ = {isa = PBXBuildFile; fileRef = 8C80219320BA69850051EF3D /* MailboxItem.swift */; };
		8C80219620BA7DA90051EF3D /* CustomSearchBar.swift in Sources */ = {isa = PBXBuildFile; fileRef = 8C80219520BA7DA90051EF3D /* CustomSearchBar.swift */; };
		8C80219920BA89A50051EF3D /* FriendListCell.swift in Sources */ = {isa = PBXBuildFile; fileRef = 8C80219820BA89A50051EF3D /* FriendListCell.swift */; };
		8C80219B20BA9AC70051EF3D /* MailVC.swift in Sources */ = {isa = PBXBuildFile; fileRef = 8C80219A20BA9AC70051EF3D /* MailVC.swift */; };
		8C80219D20BAA4AD0051EF3D /* MailCell.swift in Sources */ = {isa = PBXBuildFile; fileRef = 8C80219C20BAA4AD0051EF3D /* MailCell.swift */; };
		8C8C58B72096DD3700FB31C0 /* DataCell.swift in Sources */ = {isa = PBXBuildFile; fileRef = 8C8C58B62096DD3700FB31C0 /* DataCell.swift */; };
		8C8C58BC2096DE3900FB31C0 /* DataItem.swift in Sources */ = {isa = PBXBuildFile; fileRef = 8C8C58BB2096DE3900FB31C0 /* DataItem.swift */; };
		8C8C58BE2096F91400FB31C0 /* EditUserVC.swift in Sources */ = {isa = PBXBuildFile; fileRef = 8C8C58BD2096F91400FB31C0 /* EditUserVC.swift */; };
		8C8C58C1209857F700FB31C0 /* TextFieldCell.swift in Sources */ = {isa = PBXBuildFile; fileRef = 8C8C58C0209857F700FB31C0 /* TextFieldCell.swift */; };
		8C8C58C4209858C800FB31C0 /* TextFieldItem.swift in Sources */ = {isa = PBXBuildFile; fileRef = 8C8C58C3209858C800FB31C0 /* TextFieldItem.swift */; };
		8CAD37A7209EFC6700AC92B9 /* EndingCell.swift in Sources */ = {isa = PBXBuildFile; fileRef = 8CAD37A5209EFC6700AC92B9 /* EndingCell.swift */; };
		8CAD37A8209EFC6700AC92B9 /* EndingCell.xib in Resources */ = {isa = PBXBuildFile; fileRef = 8CAD37A6209EFC6700AC92B9 /* EndingCell.xib */; };
		8CAD37AC209F0D6500AC92B9 /* EndingItem.swift in Sources */ = {isa = PBXBuildFile; fileRef = 8CAD37AB209F0D6500AC92B9 /* EndingItem.swift */; };
		8CAD37AE20A029EE00AC92B9 /* FirebaseService.swift in Sources */ = {isa = PBXBuildFile; fileRef = 8CAD37AD20A029EE00AC92B9 /* FirebaseService.swift */; };
		8CAD37B020A1D0B900AC92B9 /* CustomImageView.swift in Sources */ = {isa = PBXBuildFile; fileRef = 8CAD37AF20A1D0B900AC92B9 /* CustomImageView.swift */; };
		8CAD37B220A1D69700AC92B9 /* SetLoadingScreen.swift in Sources */ = {isa = PBXBuildFile; fileRef = 8CAD37B120A1D69700AC92B9 /* SetLoadingScreen.swift */; };
		8CAEA1E7207DD6E5005A3B5F /* FirstPageVC.swift in Sources */ = {isa = PBXBuildFile; fileRef = 8CAEA1E6207DD6E5005A3B5F /* FirstPageVC.swift */; };
		8CAEA1E9207DD703005A3B5F /* ProfileImageVC.swift in Sources */ = {isa = PBXBuildFile; fileRef = 8CAEA1E8207DD703005A3B5F /* ProfileImageVC.swift */; };
		8CAEA1EB207DDCA9005A3B5F /* StartGameVC.swift in Sources */ = {isa = PBXBuildFile; fileRef = 8CAEA1EA207DDCA9005A3B5F /* StartGameVC.swift */; };
		8CAEA1F0207E3E60005A3B5F /* FinalConfirmVC.swift in Sources */ = {isa = PBXBuildFile; fileRef = 8CAEA1EF207E3E60005A3B5F /* FinalConfirmVC.swift */; };
		8CBBDFCC206D32AD00C89FBB /* IntroVC.swift in Sources */ = {isa = PBXBuildFile; fileRef = 8CBBDFCB206D32AD00C89FBB /* IntroVC.swift */; };
		8CBBDFDD2070BFD700C89FBB /* UIColorExt.swift in Sources */ = {isa = PBXBuildFile; fileRef = 8CBBDFDC2070BFD700C89FBB /* UIColorExt.swift */; };
		8CBBDFDF2070BFFD00C89FBB /* UIButtonExt.swift in Sources */ = {isa = PBXBuildFile; fileRef = 8CBBDFDE2070BFFD00C89FBB /* UIButtonExt.swift */; };
		8CBBDFE12070C4A100C89FBB /* IntroCell.swift in Sources */ = {isa = PBXBuildFile; fileRef = 8CBBDFE02070C4A100C89FBB /* IntroCell.swift */; };
		8CBBDFE32070C4C400C89FBB /* IntroItem.swift in Sources */ = {isa = PBXBuildFile; fileRef = 8CBBDFE22070C4C400C89FBB /* IntroItem.swift */; };
		8CBBDFE52070D4BF00C89FBB /* LoginVC.swift in Sources */ = {isa = PBXBuildFile; fileRef = 8CBBDFE42070D4BF00C89FBB /* LoginVC.swift */; };
		8CBBDFE72070E1B200C89FBB /* LoginTextField.swift in Sources */ = {isa = PBXBuildFile; fileRef = 8CBBDFE62070E1B200C89FBB /* LoginTextField.swift */; };
		8CBE3D6F20B56E6A00B07F77 /* CountDownView.swift in Sources */ = {isa = PBXBuildFile; fileRef = 8CBE3D6E20B56E6A00B07F77 /* CountDownView.swift */; };
		8CBE3D7520B596D000B07F77 /* StatsInfo.swift in Sources */ = {isa = PBXBuildFile; fileRef = 8CBE3D7420B596D000B07F77 /* StatsInfo.swift */; };
		8CBE3D7920B5BFE500B07F77 /* Setting.swift in Sources */ = {isa = PBXBuildFile; fileRef = 8CBE3D7820B5BFE500B07F77 /* Setting.swift */; };
		8CBE3D7B20B6A53700B07F77 /* EnterRoomStatus.swift in Sources */ = {isa = PBXBuildFile; fileRef = 8CBE3D7A20B6A53700B07F77 /* EnterRoomStatus.swift */; };
		8CBE3D7D20B6B7B800B07F77 /* AirDropAnnotation.swift in Sources */ = {isa = PBXBuildFile; fileRef = 8CBE3D7C20B6B7B800B07F77 /* AirDropAnnotation.swift */; };
		8CBEB8D32099C62E00B13C42 /* SettingEnding.swift in Sources */ = {isa = PBXBuildFile; fileRef = 8CBEB8D22099C62E00B13C42 /* SettingEnding.swift */; };
		8CBEB8D52099C89F00B13C42 /* TestEndingVC.swift in Sources */ = {isa = PBXBuildFile; fileRef = 8CBEB8D42099C89F00B13C42 /* TestEndingVC.swift */; };
		8CBEB8D72099FF3900B13C42 /* EndingView.swift in Sources */ = {isa = PBXBuildFile; fileRef = 8CBEB8D62099FF3900B13C42 /* EndingView.swift */; };
		8CD8D895206CD1B100E980AD /* AppDelegate.swift in Sources */ = {isa = PBXBuildFile; fileRef = 8CD8D894206CD1B100E980AD /* AppDelegate.swift */; };
		8CD8D89A206CD1B100E980AD /* Main.storyboard in Resources */ = {isa = PBXBuildFile; fileRef = 8CD8D898206CD1B100E980AD /* Main.storyboard */; };
		8CD8D89C206CD1B100E980AD /* Assets.xcassets in Resources */ = {isa = PBXBuildFile; fileRef = 8CD8D89B206CD1B100E980AD /* Assets.xcassets */; };
		8CD8D89F206CD1B100E980AD /* LaunchScreen.storyboard in Resources */ = {isa = PBXBuildFile; fileRef = 8CD8D89D206CD1B100E980AD /* LaunchScreen.storyboard */; };
		8CD8D8AA206CD1B100E980AD /* MakePauUTests.swift in Sources */ = {isa = PBXBuildFile; fileRef = 8CD8D8A9206CD1B100E980AD /* MakePauUTests.swift */; };
		8CF7300E20ADE99800908B34 /* SearchVC.swift in Sources */ = {isa = PBXBuildFile; fileRef = 8CF7300D20ADE99800908B34 /* SearchVC.swift */; };
		8CF7301020AEAC6500908B34 /* PreloadVC.swift in Sources */ = {isa = PBXBuildFile; fileRef = 8CF7300F20AEAC6500908B34 /* PreloadVC.swift */; };
		9F2699A4876544AAE4E25220 /* Pods_MakePauUTests.framework in Frameworks */ = {isa = PBXBuildFile; fileRef = 6809CA67CDFA6C757047B47E /* Pods_MakePauUTests.framework */; };
/* End PBXBuildFile section */

/* Begin PBXContainerItemProxy section */
		8CD8D8A6206CD1B100E980AD /* PBXContainerItemProxy */ = {
			isa = PBXContainerItemProxy;
			containerPortal = 8CD8D889206CD1B100E980AD /* Project object */;
			proxyType = 1;
			remoteGlobalIDString = 8CD8D890206CD1B100E980AD;
			remoteInfo = MakePauU;
		};
/* End PBXContainerItemProxy section */

/* Begin PBXFileReference section */
		6809CA67CDFA6C757047B47E /* Pods_MakePauUTests.framework */ = {isa = PBXFileReference; explicitFileType = wrapper.framework; includeInIndex = 0; path = Pods_MakePauUTests.framework; sourceTree = BUILT_PRODUCTS_DIR; };
		6BEBF64C57DF290CBA3C96DE /* Pods-MakePauU.debug.xcconfig */ = {isa = PBXFileReference; includeInIndex = 1; lastKnownFileType = text.xcconfig; name = "Pods-MakePauU.debug.xcconfig"; path = "Pods/Target Support Files/Pods-MakePauU/Pods-MakePauU.debug.xcconfig"; sourceTree = "<group>"; };
		812FDD6845AA882D64257C85 /* Pods-MakePauUTests.debug.xcconfig */ = {isa = PBXFileReference; includeInIndex = 1; lastKnownFileType = text.xcconfig; name = "Pods-MakePauUTests.debug.xcconfig"; path = "Pods/Target Support Files/Pods-MakePauUTests/Pods-MakePauUTests.debug.xcconfig"; sourceTree = "<group>"; };
		8C08FEF82079C50F0021B343 /* RegisterVC.swift */ = {isa = PBXFileReference; lastKnownFileType = sourcecode.swift; path = RegisterVC.swift; sourceTree = "<group>"; };
		8C08FEFA2079D3E70021B343 /* DateTextField.swift */ = {isa = PBXFileReference; lastKnownFileType = sourcecode.swift; path = DateTextField.swift; sourceTree = "<group>"; };
		8C08FEFC2079D7EF0021B343 /* DateTextFieldLong.swift */ = {isa = PBXFileReference; lastKnownFileType = sourcecode.swift; path = DateTextFieldLong.swift; sourceTree = "<group>"; };
		8C08FEFF2079DC610021B343 /* MakePauU-Bridging-Header.h */ = {isa = PBXFileReference; lastKnownFileType = sourcecode.c.h; path = "MakePauU-Bridging-Header.h"; sourceTree = "<group>"; };
		8C08FF002079DC620021B343 /* DLRadioButton.h */ = {isa = PBXFileReference; fileEncoding = 4; lastKnownFileType = sourcecode.c.h; path = DLRadioButton.h; sourceTree = "<group>"; };
		8C08FF012079DC620021B343 /* DLRadioButton.m */ = {isa = PBXFileReference; fileEncoding = 4; lastKnownFileType = sourcecode.c.objc; path = DLRadioButton.m; sourceTree = "<group>"; };
		8C08FF032079E05D0021B343 /* CustomButton.swift */ = {isa = PBXFileReference; lastKnownFileType = sourcecode.swift; path = CustomButton.swift; sourceTree = "<group>"; };
		8C08FF05207A02800021B343 /* GoogleService-Info.plist */ = {isa = PBXFileReference; fileEncoding = 4; lastKnownFileType = text.plist.xml; path = "GoogleService-Info.plist"; sourceTree = "<group>"; };
		8C08FF07207A0C930021B343 /* UITabBarControllerExt.swift */ = {isa = PBXFileReference; lastKnownFileType = sourcecode.swift; path = UITabBarControllerExt.swift; sourceTree = "<group>"; };
		8C08FF09207A12D80021B343 /* CustomTabBar.swift */ = {isa = PBXFileReference; lastKnownFileType = sourcecode.swift; path = CustomTabBar.swift; sourceTree = "<group>"; };
		8C08FF0B207A19B20021B343 /* UIViewExt.swift */ = {isa = PBXFileReference; lastKnownFileType = sourcecode.swift; path = UIViewExt.swift; sourceTree = "<group>"; };
		8C08FF0D207A284D0021B343 /* ProfileImageView.swift */ = {isa = PBXFileReference; lastKnownFileType = sourcecode.swift; path = ProfileImageView.swift; sourceTree = "<group>"; };
		8C08FF0F207A2BB10021B343 /* StartButton.swift */ = {isa = PBXFileReference; lastKnownFileType = sourcecode.swift; path = StartButton.swift; sourceTree = "<group>"; };
		8C11B9F82083544F00DDCDBF /* RoomMemberCell.swift */ = {isa = PBXFileReference; lastKnownFileType = sourcecode.swift; path = RoomMemberCell.swift; sourceTree = "<group>"; };
		8C11B9FA2083557A00DDCDBF /* RoomMemberItem.swift */ = {isa = PBXFileReference; lastKnownFileType = sourcecode.swift; path = RoomMemberItem.swift; sourceTree = "<group>"; };
		8C11B9FD20835CAD00DDCDBF /* StartStatus.swift */ = {isa = PBXFileReference; lastKnownFileType = sourcecode.swift; path = StartStatus.swift; sourceTree = "<group>"; };
		8C11BA062084879000DDCDBF /* CountDownVC.swift */ = {isa = PBXFileReference; lastKnownFileType = sourcecode.swift; path = CountDownVC.swift; sourceTree = "<group>"; };
		8C11BA082088FC4700DDCDBF /* GameStatus.swift */ = {isa = PBXFileReference; lastKnownFileType = sourcecode.swift; path = GameStatus.swift; sourceTree = "<group>"; };
		8C34F75B20959F02003958FD /* UserVC.swift */ = {isa = PBXFileReference; lastKnownFileType = sourcecode.swift; path = UserVC.swift; sourceTree = "<group>"; };
		8C34F75D20959FC0003958FD /* UserImageCell.swift */ = {isa = PBXFileReference; lastKnownFileType = sourcecode.swift; path = UserImageCell.swift; sourceTree = "<group>"; };
		8C34F75F2095A020003958FD /* UserImageItem.swift */ = {isa = PBXFileReference; lastKnownFileType = sourcecode.swift; path = UserImageItem.swift; sourceTree = "<group>"; };
		8C34F7622095A668003958FD /* ApiService.swift */ = {isa = PBXFileReference; lastKnownFileType = sourcecode.swift; path = ApiService.swift; sourceTree = "<group>"; };
		8C34F7642095A848003958FD /* ResgisterInfo.swift */ = {isa = PBXFileReference; lastKnownFileType = sourcecode.swift; path = ResgisterInfo.swift; sourceTree = "<group>"; };
		8C34F7662095B80F003958FD /* LoginInfo.swift */ = {isa = PBXFileReference; lastKnownFileType = sourcecode.swift; path = LoginInfo.swift; sourceTree = "<group>"; };
		8C34F7682095C188003958FD /* MemberId.swift */ = {isa = PBXFileReference; lastKnownFileType = sourcecode.swift; path = MemberId.swift; sourceTree = "<group>"; };
		8C34F76A2095F1E7003958FD /* StatCell.swift */ = {isa = PBXFileReference; lastKnownFileType = sourcecode.swift; path = StatCell.swift; sourceTree = "<group>"; };
		8C34F76C2095F27A003958FD /* StatItem.swift */ = {isa = PBXFileReference; lastKnownFileType = sourcecode.swift; path = StatItem.swift; sourceTree = "<group>"; };
		8C425A1920B710B800CB7E39 /* SettingCell.swift */ = {isa = PBXFileReference; lastKnownFileType = sourcecode.swift; path = SettingCell.swift; sourceTree = "<group>"; };
		8C425A1A20B710B800CB7E39 /* SettingCell.xib */ = {isa = PBXFileReference; lastKnownFileType = file.xib; path = SettingCell.xib; sourceTree = "<group>"; };
		8C52B9DD208A4A4A003002AE /* MenuBar.swift */ = {isa = PBXFileReference; lastKnownFileType = sourcecode.swift; path = MenuBar.swift; sourceTree = "<group>"; };
		8C52B9DF208A50F1003002AE /* RankingVC.swift */ = {isa = PBXFileReference; lastKnownFileType = sourcecode.swift; path = RankingVC.swift; sourceTree = "<group>"; };
		8C52B9E1208A5249003002AE /* MenuBarCell.swift */ = {isa = PBXFileReference; lastKnownFileType = sourcecode.swift; path = MenuBarCell.swift; sourceTree = "<group>"; };
		8C52B9E9208C4544003002AE /* ContentViewCell.swift */ = {isa = PBXFileReference; lastKnownFileType = sourcecode.swift; path = ContentViewCell.swift; sourceTree = "<group>"; };
		8C52B9EB208C4E24003002AE /* RankCell.swift */ = {isa = PBXFileReference; lastKnownFileType = sourcecode.swift; path = RankCell.swift; sourceTree = "<group>"; };
		8C52B9ED208C603C003002AE /* RankItem.swift */ = {isa = PBXFileReference; lastKnownFileType = sourcecode.swift; path = RankItem.swift; sourceTree = "<group>"; };
		8C6BBDA920AC007900575B7C /* FriendListVC.swift */ = {isa = PBXFileReference; lastKnownFileType = sourcecode.swift; path = FriendListVC.swift; sourceTree = "<group>"; };
		8C6BBDAB20AC016900575B7C /* UISearchBarExt.swift */ = {isa = PBXFileReference; lastKnownFileType = sourcecode.swift; path = UISearchBarExt.swift; sourceTree = "<group>"; };
		8C6BBDAF20AC04B300575B7C /* SearchBarSegue.swift */ = {isa = PBXFileReference; lastKnownFileType = sourcecode.swift; path = SearchBarSegue.swift; sourceTree = "<group>"; };
		8C6E2D6220905D150068D462 /* Ramp.swift */ = {isa = PBXFileReference; lastKnownFileType = sourcecode.swift; path = Ramp.swift; sourceTree = "<group>"; };
		8C6E2D642090EA070068D462 /* ARVC_New.swift */ = {isa = PBXFileReference; lastKnownFileType = sourcecode.swift; path = ARVC_New.swift; sourceTree = "<group>"; };
		8C6E9CFF208C7802000551D1 /* art.scnassets */ = {isa = PBXFileReference; lastKnownFileType = wrapper.scnassets; path = art.scnassets; sourceTree = "<group>"; };
		8C6F29A920987AA700FE40A2 /* TextViewCell.swift */ = {isa = PBXFileReference; lastKnownFileType = sourcecode.swift; path = TextViewCell.swift; sourceTree = "<group>"; };
		8C6F29AB20987BD500FE40A2 /* TextViewItem.swift */ = {isa = PBXFileReference; lastKnownFileType = sourcecode.swift; path = TextViewItem.swift; sourceTree = "<group>"; };
		8C80218D20BA5CF60051EF3D /* MailboxVC.swift */ = {isa = PBXFileReference; lastKnownFileType = sourcecode.swift; path = MailboxVC.swift; sourceTree = "<group>"; };
		8C80219020BA68730051EF3D /* MailboxCell.swift */ = {isa = PBXFileReference; lastKnownFileType = sourcecode.swift; path = MailboxCell.swift; sourceTree = "<group>"; };
		8C80219320BA69850051EF3D /* MailboxItem.swift */ = {isa = PBXFileReference; lastKnownFileType = sourcecode.swift; path = MailboxItem.swift; sourceTree = "<group>"; };
		8C80219520BA7DA90051EF3D /* CustomSearchBar.swift */ = {isa = PBXFileReference; lastKnownFileType = sourcecode.swift; path = CustomSearchBar.swift; sourceTree = "<group>"; };
		8C80219820BA89A50051EF3D /* FriendListCell.swift */ = {isa = PBXFileReference; lastKnownFileType = sourcecode.swift; path = FriendListCell.swift; sourceTree = "<group>"; };
		8C80219A20BA9AC70051EF3D /* MailVC.swift */ = {isa = PBXFileReference; lastKnownFileType = sourcecode.swift; path = MailVC.swift; sourceTree = "<group>"; };
		8C80219C20BAA4AD0051EF3D /* MailCell.swift */ = {isa = PBXFileReference; lastKnownFileType = sourcecode.swift; path = MailCell.swift; sourceTree = "<group>"; };
		8C8C58B62096DD3700FB31C0 /* DataCell.swift */ = {isa = PBXFileReference; lastKnownFileType = sourcecode.swift; path = DataCell.swift; sourceTree = "<group>"; };
		8C8C58BB2096DE3900FB31C0 /* DataItem.swift */ = {isa = PBXFileReference; lastKnownFileType = sourcecode.swift; path = DataItem.swift; sourceTree = "<group>"; };
		8C8C58BD2096F91400FB31C0 /* EditUserVC.swift */ = {isa = PBXFileReference; lastKnownFileType = sourcecode.swift; path = EditUserVC.swift; sourceTree = "<group>"; };
		8C8C58C0209857F700FB31C0 /* TextFieldCell.swift */ = {isa = PBXFileReference; lastKnownFileType = sourcecode.swift; path = TextFieldCell.swift; sourceTree = "<group>"; };
		8C8C58C3209858C800FB31C0 /* TextFieldItem.swift */ = {isa = PBXFileReference; lastKnownFileType = sourcecode.swift; path = TextFieldItem.swift; sourceTree = "<group>"; };
		8CAD37A5209EFC6700AC92B9 /* EndingCell.swift */ = {isa = PBXFileReference; lastKnownFileType = sourcecode.swift; path = EndingCell.swift; sourceTree = "<group>"; };
		8CAD37A6209EFC6700AC92B9 /* EndingCell.xib */ = {isa = PBXFileReference; lastKnownFileType = file.xib; path = EndingCell.xib; sourceTree = "<group>"; };
		8CAD37AB209F0D6500AC92B9 /* EndingItem.swift */ = {isa = PBXFileReference; lastKnownFileType = sourcecode.swift; path = EndingItem.swift; sourceTree = "<group>"; };
		8CAD37AD20A029EE00AC92B9 /* FirebaseService.swift */ = {isa = PBXFileReference; lastKnownFileType = sourcecode.swift; path = FirebaseService.swift; sourceTree = "<group>"; };
		8CAD37AF20A1D0B900AC92B9 /* CustomImageView.swift */ = {isa = PBXFileReference; lastKnownFileType = sourcecode.swift; path = CustomImageView.swift; sourceTree = "<group>"; };
		8CAD37B120A1D69700AC92B9 /* SetLoadingScreen.swift */ = {isa = PBXFileReference; lastKnownFileType = sourcecode.swift; path = SetLoadingScreen.swift; sourceTree = "<group>"; };
		8CAEA1E6207DD6E5005A3B5F /* FirstPageVC.swift */ = {isa = PBXFileReference; lastKnownFileType = sourcecode.swift; path = FirstPageVC.swift; sourceTree = "<group>"; };
		8CAEA1E8207DD703005A3B5F /* ProfileImageVC.swift */ = {isa = PBXFileReference; lastKnownFileType = sourcecode.swift; path = ProfileImageVC.swift; sourceTree = "<group>"; };
		8CAEA1EA207DDCA9005A3B5F /* StartGameVC.swift */ = {isa = PBXFileReference; lastKnownFileType = sourcecode.swift; path = StartGameVC.swift; sourceTree = "<group>"; };
		8CAEA1EF207E3E60005A3B5F /* FinalConfirmVC.swift */ = {isa = PBXFileReference; lastKnownFileType = sourcecode.swift; path = FinalConfirmVC.swift; sourceTree = "<group>"; };
		8CBBDFCB206D32AD00C89FBB /* IntroVC.swift */ = {isa = PBXFileReference; lastKnownFileType = sourcecode.swift; path = IntroVC.swift; sourceTree = "<group>"; };
		8CBBDFDC2070BFD700C89FBB /* UIColorExt.swift */ = {isa = PBXFileReference; lastKnownFileType = sourcecode.swift; path = UIColorExt.swift; sourceTree = "<group>"; };
		8CBBDFDE2070BFFD00C89FBB /* UIButtonExt.swift */ = {isa = PBXFileReference; lastKnownFileType = sourcecode.swift; path = UIButtonExt.swift; sourceTree = "<group>"; };
		8CBBDFE02070C4A100C89FBB /* IntroCell.swift */ = {isa = PBXFileReference; lastKnownFileType = sourcecode.swift; path = IntroCell.swift; sourceTree = "<group>"; };
		8CBBDFE22070C4C400C89FBB /* IntroItem.swift */ = {isa = PBXFileReference; lastKnownFileType = sourcecode.swift; path = IntroItem.swift; sourceTree = "<group>"; };
		8CBBDFE42070D4BF00C89FBB /* LoginVC.swift */ = {isa = PBXFileReference; lastKnownFileType = sourcecode.swift; path = LoginVC.swift; sourceTree = "<group>"; };
		8CBBDFE62070E1B200C89FBB /* LoginTextField.swift */ = {isa = PBXFileReference; lastKnownFileType = sourcecode.swift; path = LoginTextField.swift; sourceTree = "<group>"; };
		8CBE3D6E20B56E6A00B07F77 /* CountDownView.swift */ = {isa = PBXFileReference; lastKnownFileType = sourcecode.swift; path = CountDownView.swift; sourceTree = "<group>"; };
		8CBE3D7420B596D000B07F77 /* StatsInfo.swift */ = {isa = PBXFileReference; lastKnownFileType = sourcecode.swift; path = StatsInfo.swift; sourceTree = "<group>"; };
		8CBE3D7820B5BFE500B07F77 /* Setting.swift */ = {isa = PBXFileReference; lastKnownFileType = sourcecode.swift; path = Setting.swift; sourceTree = "<group>"; };
		8CBE3D7A20B6A53700B07F77 /* EnterRoomStatus.swift */ = {isa = PBXFileReference; lastKnownFileType = sourcecode.swift; path = EnterRoomStatus.swift; sourceTree = "<group>"; };
		8CBE3D7C20B6B7B800B07F77 /* AirDropAnnotation.swift */ = {isa = PBXFileReference; lastKnownFileType = sourcecode.swift; path = AirDropAnnotation.swift; sourceTree = "<group>"; };
		8CBEB8D22099C62E00B13C42 /* SettingEnding.swift */ = {isa = PBXFileReference; lastKnownFileType = sourcecode.swift; path = SettingEnding.swift; sourceTree = "<group>"; };
		8CBEB8D42099C89F00B13C42 /* TestEndingVC.swift */ = {isa = PBXFileReference; lastKnownFileType = sourcecode.swift; path = TestEndingVC.swift; sourceTree = "<group>"; };
		8CBEB8D62099FF3900B13C42 /* EndingView.swift */ = {isa = PBXFileReference; lastKnownFileType = sourcecode.swift; path = EndingView.swift; sourceTree = "<group>"; };
		8CD8D891206CD1B100E980AD /* MakePauU.app */ = {isa = PBXFileReference; explicitFileType = wrapper.application; includeInIndex = 0; path = MakePauU.app; sourceTree = BUILT_PRODUCTS_DIR; };
		8CD8D894206CD1B100E980AD /* AppDelegate.swift */ = {isa = PBXFileReference; lastKnownFileType = sourcecode.swift; path = AppDelegate.swift; sourceTree = "<group>"; };
		8CD8D899206CD1B100E980AD /* Base */ = {isa = PBXFileReference; lastKnownFileType = file.storyboard; name = Base; path = Base.lproj/Main.storyboard; sourceTree = "<group>"; };
		8CD8D89B206CD1B100E980AD /* Assets.xcassets */ = {isa = PBXFileReference; lastKnownFileType = folder.assetcatalog; path = Assets.xcassets; sourceTree = "<group>"; };
		8CD8D89E206CD1B100E980AD /* Base */ = {isa = PBXFileReference; lastKnownFileType = file.storyboard; name = Base; path = Base.lproj/LaunchScreen.storyboard; sourceTree = "<group>"; };
		8CD8D8A0206CD1B100E980AD /* Info.plist */ = {isa = PBXFileReference; lastKnownFileType = text.plist.xml; path = Info.plist; sourceTree = "<group>"; };
		8CD8D8A5206CD1B100E980AD /* MakePauUTests.xctest */ = {isa = PBXFileReference; explicitFileType = wrapper.cfbundle; includeInIndex = 0; path = MakePauUTests.xctest; sourceTree = BUILT_PRODUCTS_DIR; };
		8CD8D8A9206CD1B100E980AD /* MakePauUTests.swift */ = {isa = PBXFileReference; lastKnownFileType = sourcecode.swift; path = MakePauUTests.swift; sourceTree = "<group>"; };
		8CD8D8AB206CD1B100E980AD /* Info.plist */ = {isa = PBXFileReference; lastKnownFileType = text.plist.xml; path = Info.plist; sourceTree = "<group>"; };
		8CF7300D20ADE99800908B34 /* SearchVC.swift */ = {isa = PBXFileReference; lastKnownFileType = sourcecode.swift; path = SearchVC.swift; sourceTree = "<group>"; };
		8CF7300F20AEAC6500908B34 /* PreloadVC.swift */ = {isa = PBXFileReference; lastKnownFileType = sourcecode.swift; path = PreloadVC.swift; sourceTree = "<group>"; };
		98AF5F1F8AFAA95E8B607C20 /* Pods-MakePauUTests.release.xcconfig */ = {isa = PBXFileReference; includeInIndex = 1; lastKnownFileType = text.xcconfig; name = "Pods-MakePauUTests.release.xcconfig"; path = "Pods/Target Support Files/Pods-MakePauUTests/Pods-MakePauUTests.release.xcconfig"; sourceTree = "<group>"; };
		A5219AEAFF3404A4C051995C /* Pods-MakePauU.release.xcconfig */ = {isa = PBXFileReference; includeInIndex = 1; lastKnownFileType = text.xcconfig; name = "Pods-MakePauU.release.xcconfig"; path = "Pods/Target Support Files/Pods-MakePauU/Pods-MakePauU.release.xcconfig"; sourceTree = "<group>"; };
		FB7431953B05FD8EAE1ADA1F /* Pods_MakePauU.framework */ = {isa = PBXFileReference; explicitFileType = wrapper.framework; includeInIndex = 0; path = Pods_MakePauU.framework; sourceTree = BUILT_PRODUCTS_DIR; };
/* End PBXFileReference section */

/* Begin PBXFrameworksBuildPhase section */
		8CD8D88E206CD1B100E980AD /* Frameworks */ = {
			isa = PBXFrameworksBuildPhase;
			buildActionMask = 2147483647;
			files = (
				48918341F557D330DCEAA263 /* Pods_MakePauU.framework in Frameworks */,
			);
			runOnlyForDeploymentPostprocessing = 0;
		};
		8CD8D8A2206CD1B100E980AD /* Frameworks */ = {
			isa = PBXFrameworksBuildPhase;
			buildActionMask = 2147483647;
			files = (
				9F2699A4876544AAE4E25220 /* Pods_MakePauUTests.framework in Frameworks */,
			);
			runOnlyForDeploymentPostprocessing = 0;
		};
/* End PBXFrameworksBuildPhase section */

/* Begin PBXGroup section */
		7DDC66A177954513127AE4EC /* Pods */ = {
			isa = PBXGroup;
			children = (
				6BEBF64C57DF290CBA3C96DE /* Pods-MakePauU.debug.xcconfig */,
				A5219AEAFF3404A4C051995C /* Pods-MakePauU.release.xcconfig */,
				812FDD6845AA882D64257C85 /* Pods-MakePauUTests.debug.xcconfig */,
				98AF5F1F8AFAA95E8B607C20 /* Pods-MakePauUTests.release.xcconfig */,
			);
			name = Pods;
			sourceTree = "<group>";
		};
		8C08FEFE2079DC480021B343 /* RadioButton */ = {
			isa = PBXGroup;
			children = (
				8C08FF002079DC620021B343 /* DLRadioButton.h */,
				8C08FF012079DC620021B343 /* DLRadioButton.m */,
				8C08FEFF2079DC610021B343 /* MakePauU-Bridging-Header.h */,
			);
			path = RadioButton;
			sourceTree = "<group>";
		};
		8C11B9FC20835C1F00DDCDBF /* Singleton */ = {
			isa = PBXGroup;
			children = (
				8C11B9FD20835CAD00DDCDBF /* StartStatus.swift */,
				8C11BA082088FC4700DDCDBF /* GameStatus.swift */,
				8C34F7682095C188003958FD /* MemberId.swift */,
				8CBE3D7A20B6A53700B07F77 /* EnterRoomStatus.swift */,
			);
			path = Singleton;
			sourceTree = "<group>";
		};
		8C11BA05208485E900DDCDBF /* StartGame */ = {
			isa = PBXGroup;
			children = (
				8CAEA1EA207DDCA9005A3B5F /* StartGameVC.swift */,
				8C11BA062084879000DDCDBF /* CountDownVC.swift */,
				8CBEB8D22099C62E00B13C42 /* SettingEnding.swift */,
			);
			name = StartGame;
			sourceTree = "<group>";
		};
		8C34F7612095A5E9003958FD /* Api Request */ = {
			isa = PBXGroup;
			children = (
				8C34F7622095A668003958FD /* ApiService.swift */,
				8CAD37AD20A029EE00AC92B9 /* FirebaseService.swift */,
			);
			path = "Api Request";
			sourceTree = "<group>";
		};
		8C425A1820B7109900CB7E39 /* Setting */ = {
			isa = PBXGroup;
			children = (
				8C425A1920B710B800CB7E39 /* SettingCell.swift */,
				8C425A1A20B710B800CB7E39 /* SettingCell.xib */,
			);
			path = Setting;
			sourceTree = "<group>";
		};
		8C45E175209D4BC10069CCE7 /* NSObject */ = {
			isa = PBXGroup;
			children = (
				8CAD37B120A1D69700AC92B9 /* SetLoadingScreen.swift */,
				8CBE3D7820B5BFE500B07F77 /* Setting.swift */,
			);
			path = NSObject;
			sourceTree = "<group>";
		};
		8C52B9E8208C452D003002AE /* RankVC */ = {
			isa = PBXGroup;
			children = (
				8C52B9E1208A5249003002AE /* MenuBarCell.swift */,
				8C52B9E9208C4544003002AE /* ContentViewCell.swift */,
				8C52B9EB208C4E24003002AE /* RankCell.swift */,
			);
			path = RankVC;
			sourceTree = "<group>";
		};
		8C6BBDAE20AC049800575B7C /* Segue */ = {
			isa = PBXGroup;
			children = (
				8C6BBDAF20AC04B300575B7C /* SearchBarSegue.swift */,
			);
			path = Segue;
			sourceTree = "<group>";
		};
		8C6E2D6120905D090068D462 /* AR */ = {
			isa = PBXGroup;
			children = (
				8C6E2D6220905D150068D462 /* Ramp.swift */,
			);
			path = AR;
			sourceTree = "<group>";
		};
		8C6E9D01208C7923000551D1 /* AR */ = {
			isa = PBXGroup;
			children = (
				8C6E2D642090EA070068D462 /* ARVC_New.swift */,
			);
			name = AR;
			sourceTree = "<group>";
		};
		8C80218F20BA68550051EF3D /* Mailbox */ = {
			isa = PBXGroup;
			children = (
				8C80219020BA68730051EF3D /* MailboxCell.swift */,
				8C80219C20BAA4AD0051EF3D /* MailCell.swift */,
			);
			path = Mailbox;
			sourceTree = "<group>";
		};
		8C80219220BA696C0051EF3D /* MailBox */ = {
			isa = PBXGroup;
			children = (
				8C80219320BA69850051EF3D /* MailboxItem.swift */,
			);
			path = MailBox;
			sourceTree = "<group>";
		};
		8C80219720BA88970051EF3D /* FriendList */ = {
			isa = PBXGroup;
			children = (
				8C80219820BA89A50051EF3D /* FriendListCell.swift */,
			);
			path = FriendList;
			sourceTree = "<group>";
		};
		8C8C58B92096DD8F00FB31C0 /* UserVC */ = {
			isa = PBXGroup;
			children = (
				8C34F75D20959FC0003958FD /* UserImageCell.swift */,
				8C34F76A2095F1E7003958FD /* StatCell.swift */,
				8C8C58B62096DD3700FB31C0 /* DataCell.swift */,
			);
			path = UserVC;
			sourceTree = "<group>";
		};
		8C8C58BA2096DE1200FB31C0 /* UserVC */ = {
			isa = PBXGroup;
			children = (
				8C34F75F2095A020003958FD /* UserImageItem.swift */,
				8C34F76C2095F27A003958FD /* StatItem.swift */,
				8C8C58BB2096DE3900FB31C0 /* DataItem.swift */,
			);
			path = UserVC;
			sourceTree = "<group>";
		};
		8C8C58BF2098572A00FB31C0 /* EditUserVC */ = {
			isa = PBXGroup;
			children = (
				8C8C58C0209857F700FB31C0 /* TextFieldCell.swift */,
				8C6F29A920987AA700FE40A2 /* TextViewCell.swift */,
			);
			path = EditUserVC;
			sourceTree = "<group>";
		};
		8C8C58C2209858AE00FB31C0 /* EditUserVC */ = {
			isa = PBXGroup;
			children = (
				8C8C58C3209858C800FB31C0 /* TextFieldItem.swift */,
				8C6F29AB20987BD500FE40A2 /* TextViewItem.swift */,
			);
			path = EditUserVC;
			sourceTree = "<group>";
		};
		8CAD37A9209EFDC900AC92B9 /* EndingView */ = {
			isa = PBXGroup;
			children = (
				8CAD37A5209EFC6700AC92B9 /* EndingCell.swift */,
				8CAD37A6209EFC6700AC92B9 /* EndingCell.xib */,
			);
			path = EndingView;
			sourceTree = "<group>";
		};
		8CAD37AA209EFDE100AC92B9 /* EndingView */ = {
			isa = PBXGroup;
			children = (
				8CAD37AB209F0D6500AC92B9 /* EndingItem.swift */,
			);
			path = EndingView;
			sourceTree = "<group>";
		};
		8CBBDFCA206D327F00C89FBB /* Controller */ = {
			isa = PBXGroup;
			children = (
				8CF7300F20AEAC6500908B34 /* PreloadVC.swift */,
				8CBBDFCB206D32AD00C89FBB /* IntroVC.swift */,
				8CBBDFE42070D4BF00C89FBB /* LoginVC.swift */,
				8C08FEF82079C50F0021B343 /* RegisterVC.swift */,
				8CAEA1E6207DD6E5005A3B5F /* FirstPageVC.swift */,
				8CAEA1E8207DD703005A3B5F /* ProfileImageVC.swift */,
				8C11BA05208485E900DDCDBF /* StartGame */,
				8C52B9DF208A50F1003002AE /* RankingVC.swift */,
				8C6BBDA920AC007900575B7C /* FriendListVC.swift */,
				8CF7300D20ADE99800908B34 /* SearchVC.swift */,
				8CAEA1EF207E3E60005A3B5F /* FinalConfirmVC.swift */,
				8C6E9D01208C7923000551D1 /* AR */,
				8C34F75B20959F02003958FD /* UserVC.swift */,
				8C8C58BD2096F91400FB31C0 /* EditUserVC.swift */,
				8CBEB8D42099C89F00B13C42 /* TestEndingVC.swift */,
				8C80218D20BA5CF60051EF3D /* MailboxVC.swift */,
				8C80219A20BA9AC70051EF3D /* MailVC.swift */,
			);
			path = Controller;
			sourceTree = "<group>";
		};
		8CBBDFD82070BF8300C89FBB /* View */ = {
			isa = PBXGroup;
			children = (
				8CBBDFE02070C4A100C89FBB /* IntroCell.swift */,
				8C11B9F82083544F00DDCDBF /* RoomMemberCell.swift */,
				8C52B9E8208C452D003002AE /* RankVC */,
				8C8C58B92096DD8F00FB31C0 /* UserVC */,
				8C8C58BF2098572A00FB31C0 /* EditUserVC */,
				8CAD37A9209EFDC900AC92B9 /* EndingView */,
				8C425A1820B7109900CB7E39 /* Setting */,
				8C80218F20BA68550051EF3D /* Mailbox */,
				8C80219720BA88970051EF3D /* FriendList */,
			);
			path = View;
			sourceTree = "<group>";
		};
		8CBBDFD92070BF8B00C89FBB /* Model */ = {
			isa = PBXGroup;
			children = (
				8CBE3D7320B5969B00B07F77 /* ForData */,
				8CBBDFE22070C4C400C89FBB /* IntroItem.swift */,
				8C11B9FA2083557A00DDCDBF /* RoomMemberItem.swift */,
				8C52B9ED208C603C003002AE /* RankItem.swift */,
				8C6E2D6120905D090068D462 /* AR */,
				8C8C58BA2096DE1200FB31C0 /* UserVC */,
				8C8C58C2209858AE00FB31C0 /* EditUserVC */,
				8CAD37AA209EFDE100AC92B9 /* EndingView */,
				8CBE3D7020B57FB000B07F77 /* Annotation */,
				8C80219220BA696C0051EF3D /* MailBox */,
			);
			path = Model;
			sourceTree = "<group>";
		};
		8CBBDFDA2070BF9500C89FBB /* SubClass */ = {
			isa = PBXGroup;
			children = (
				8C08FF09207A12D80021B343 /* CustomTabBar.swift */,
				8C08FF032079E05D0021B343 /* CustomButton.swift */,
				8CBBDFE62070E1B200C89FBB /* LoginTextField.swift */,
				8C08FEFA2079D3E70021B343 /* DateTextField.swift */,
				8C08FEFC2079D7EF0021B343 /* DateTextFieldLong.swift */,
				8C08FF0D207A284D0021B343 /* ProfileImageView.swift */,
				8C08FF0F207A2BB10021B343 /* StartButton.swift */,
				8C52B9DD208A4A4A003002AE /* MenuBar.swift */,
				8CBEB8D62099FF3900B13C42 /* EndingView.swift */,
				8CAD37AF20A1D0B900AC92B9 /* CustomImageView.swift */,
				8CBE3D6E20B56E6A00B07F77 /* CountDownView.swift */,
				8C80219520BA7DA90051EF3D /* CustomSearchBar.swift */,
				8C6BBDAE20AC049800575B7C /* Segue */,
			);
			path = SubClass;
			sourceTree = "<group>";
		};
		8CBBDFDB2070BF9B00C89FBB /* Extension */ = {
			isa = PBXGroup;
			children = (
				8CBBDFDC2070BFD700C89FBB /* UIColorExt.swift */,
				8C08FF07207A0C930021B343 /* UITabBarControllerExt.swift */,
				8CBBDFDE2070BFFD00C89FBB /* UIButtonExt.swift */,
				8C08FF0B207A19B20021B343 /* UIViewExt.swift */,
				8C6BBDAB20AC016900575B7C /* UISearchBarExt.swift */,
			);
			path = Extension;
			sourceTree = "<group>";
		};
		8CBE3D7020B57FB000B07F77 /* Annotation */ = {
			isa = PBXGroup;
			children = (
				8CBE3D7C20B6B7B800B07F77 /* AirDropAnnotation.swift */,
			);
			path = Annotation;
			sourceTree = "<group>";
		};
		8CBE3D7320B5969B00B07F77 /* ForData */ = {
			isa = PBXGroup;
			children = (
				8C34F7642095A848003958FD /* ResgisterInfo.swift */,
				8C34F7662095B80F003958FD /* LoginInfo.swift */,
				8CBE3D7420B596D000B07F77 /* StatsInfo.swift */,
			);
			path = ForData;
			sourceTree = "<group>";
		};
		8CD8D888206CD1B100E980AD = {
			isa = PBXGroup;
			children = (
				8CD8D893206CD1B100E980AD /* MakePauU */,
				8CD8D8A8206CD1B100E980AD /* MakePauUTests */,
				8CD8D892206CD1B100E980AD /* Products */,
				7DDC66A177954513127AE4EC /* Pods */,
				AEE9FD6226907106BDDF50F5 /* Frameworks */,
			);
			sourceTree = "<group>";
		};
		8CD8D892206CD1B100E980AD /* Products */ = {
			isa = PBXGroup;
			children = (
				8CD8D891206CD1B100E980AD /* MakePauU.app */,
				8CD8D8A5206CD1B100E980AD /* MakePauUTests.xctest */,
			);
			name = Products;
			sourceTree = "<group>";
		};
		8CD8D893206CD1B100E980AD /* MakePauU */ = {
			isa = PBXGroup;
			children = (
				8C34F7612095A5E9003958FD /* Api Request */,
				8C11B9FC20835C1F00DDCDBF /* Singleton */,
				8C08FEFE2079DC480021B343 /* RadioButton */,
				8C45E175209D4BC10069CCE7 /* NSObject */,
				8CBBDFDB2070BF9B00C89FBB /* Extension */,
				8CBBDFDA2070BF9500C89FBB /* SubClass */,
				8CBBDFD92070BF8B00C89FBB /* Model */,
				8CBBDFD82070BF8300C89FBB /* View */,
				8CBBDFCA206D327F00C89FBB /* Controller */,
				8CD8D894206CD1B100E980AD /* AppDelegate.swift */,
				8C6E9CFF208C7802000551D1 /* art.scnassets */,
				8CD8D89B206CD1B100E980AD /* Assets.xcassets */,
				8CD8D898206CD1B100E980AD /* Main.storyboard */,
				8CD8D89D206CD1B100E980AD /* LaunchScreen.storyboard */,
				8CD8D8A0206CD1B100E980AD /* Info.plist */,
				8C08FF05207A02800021B343 /* GoogleService-Info.plist */,
			);
			path = MakePauU;
			sourceTree = "<group>";
		};
		8CD8D8A8206CD1B100E980AD /* MakePauUTests */ = {
			isa = PBXGroup;
			children = (
				8CD8D8A9206CD1B100E980AD /* MakePauUTests.swift */,
				8CD8D8AB206CD1B100E980AD /* Info.plist */,
			);
			path = MakePauUTests;
			sourceTree = "<group>";
		};
		AEE9FD6226907106BDDF50F5 /* Frameworks */ = {
			isa = PBXGroup;
			children = (
				FB7431953B05FD8EAE1ADA1F /* Pods_MakePauU.framework */,
				6809CA67CDFA6C757047B47E /* Pods_MakePauUTests.framework */,
			);
			name = Frameworks;
			sourceTree = "<group>";
		};
/* End PBXGroup section */

/* Begin PBXNativeTarget section */
		8CD8D890206CD1B100E980AD /* MakePauU */ = {
			isa = PBXNativeTarget;
			buildConfigurationList = 8CD8D8AE206CD1B100E980AD /* Build configuration list for PBXNativeTarget "MakePauU" */;
			buildPhases = (
				B50578B2E3D01C30B95B6AD0 /* [CP] Check Pods Manifest.lock */,
				8CD8D88D206CD1B100E980AD /* Sources */,
				8CD8D88E206CD1B100E980AD /* Frameworks */,
				8CD8D88F206CD1B100E980AD /* Resources */,
				1E04C548D06F92BD15E241EC /* [CP] Embed Pods Frameworks */,
				6EBDB5C22D0D034F9DDB07E5 /* [CP] Copy Pods Resources */,
			);
			buildRules = (
			);
			dependencies = (
			);
			name = MakePauU;
			productName = MakePauU;
			productReference = 8CD8D891206CD1B100E980AD /* MakePauU.app */;
			productType = "com.apple.product-type.application";
		};
		8CD8D8A4206CD1B100E980AD /* MakePauUTests */ = {
			isa = PBXNativeTarget;
			buildConfigurationList = 8CD8D8B1206CD1B100E980AD /* Build configuration list for PBXNativeTarget "MakePauUTests" */;
			buildPhases = (
				199CFDE742A33564CB2EE2DC /* [CP] Check Pods Manifest.lock */,
				8CD8D8A1206CD1B100E980AD /* Sources */,
				8CD8D8A2206CD1B100E980AD /* Frameworks */,
				8CD8D8A3206CD1B100E980AD /* Resources */,
				CA37B39BCFAED01838B40821 /* [CP] Embed Pods Frameworks */,
				1971CB8C40A61E882DD81780 /* [CP] Copy Pods Resources */,
			);
			buildRules = (
			);
			dependencies = (
				8CD8D8A7206CD1B100E980AD /* PBXTargetDependency */,
			);
			name = MakePauUTests;
			productName = MakePauUTests;
			productReference = 8CD8D8A5206CD1B100E980AD /* MakePauUTests.xctest */;
			productType = "com.apple.product-type.bundle.unit-test";
		};
/* End PBXNativeTarget section */

/* Begin PBXProject section */
		8CD8D889206CD1B100E980AD /* Project object */ = {
			isa = PBXProject;
			attributes = {
				LastSwiftUpdateCheck = 0920;
				LastUpgradeCheck = 0930;
				ORGANIZATIONNAME = "呂易軒";
				TargetAttributes = {
					8CD8D890206CD1B100E980AD = {
						CreatedOnToolsVersion = 9.2;
						LastSwiftMigration = 0920;
						ProvisioningStyle = Automatic;
					};
					8CD8D8A4206CD1B100E980AD = {
						CreatedOnToolsVersion = 9.2;
						ProvisioningStyle = Automatic;
						TestTargetID = 8CD8D890206CD1B100E980AD;
					};
				};
			};
			buildConfigurationList = 8CD8D88C206CD1B100E980AD /* Build configuration list for PBXProject "MakePauU" */;
			compatibilityVersion = "Xcode 8.0";
			developmentRegion = en;
			hasScannedForEncodings = 0;
			knownRegions = (
				en,
				Base,
			);
			mainGroup = 8CD8D888206CD1B100E980AD;
			productRefGroup = 8CD8D892206CD1B100E980AD /* Products */;
			projectDirPath = "";
			projectRoot = "";
			targets = (
				8CD8D890206CD1B100E980AD /* MakePauU */,
				8CD8D8A4206CD1B100E980AD /* MakePauUTests */,
			);
		};
/* End PBXProject section */

/* Begin PBXResourcesBuildPhase section */
		8CD8D88F206CD1B100E980AD /* Resources */ = {
			isa = PBXResourcesBuildPhase;
			buildActionMask = 2147483647;
			files = (
				8CD8D89F206CD1B100E980AD /* LaunchScreen.storyboard in Resources */,
				8CD8D89C206CD1B100E980AD /* Assets.xcassets in Resources */,
				8C425A1C20B710B800CB7E39 /* SettingCell.xib in Resources */,
				8C6E9D00208C7803000551D1 /* art.scnassets in Resources */,
				8CD8D89A206CD1B100E980AD /* Main.storyboard in Resources */,
				8CAD37A8209EFC6700AC92B9 /* EndingCell.xib in Resources */,
				8C08FF06207A02800021B343 /* GoogleService-Info.plist in Resources */,
			);
			runOnlyForDeploymentPostprocessing = 0;
		};
		8CD8D8A3206CD1B100E980AD /* Resources */ = {
			isa = PBXResourcesBuildPhase;
			buildActionMask = 2147483647;
			files = (
			);
			runOnlyForDeploymentPostprocessing = 0;
		};
/* End PBXResourcesBuildPhase section */

/* Begin PBXShellScriptBuildPhase section */
		1971CB8C40A61E882DD81780 /* [CP] Copy Pods Resources */ = {
			isa = PBXShellScriptBuildPhase;
			buildActionMask = 2147483647;
			files = (
			);
			inputPaths = (
			);
			name = "[CP] Copy Pods Resources";
			outputPaths = (
			);
			runOnlyForDeploymentPostprocessing = 0;
			shellPath = /bin/sh;
			shellScript = "\"${SRCROOT}/Pods/Target Support Files/Pods-MakePauUTests/Pods-MakePauUTests-resources.sh\"\n";
			showEnvVarsInLog = 0;
		};
		199CFDE742A33564CB2EE2DC /* [CP] Check Pods Manifest.lock */ = {
			isa = PBXShellScriptBuildPhase;
			buildActionMask = 2147483647;
			files = (
			);
			inputPaths = (
				"${PODS_PODFILE_DIR_PATH}/Podfile.lock",
				"${PODS_ROOT}/Manifest.lock",
			);
			name = "[CP] Check Pods Manifest.lock";
			outputPaths = (
				"$(DERIVED_FILE_DIR)/Pods-MakePauUTests-checkManifestLockResult.txt",
			);
			runOnlyForDeploymentPostprocessing = 0;
			shellPath = /bin/sh;
			shellScript = "diff \"${PODS_PODFILE_DIR_PATH}/Podfile.lock\" \"${PODS_ROOT}/Manifest.lock\" > /dev/null\nif [ $? != 0 ] ; then\n    # print error to STDERR\n    echo \"error: The sandbox is not in sync with the Podfile.lock. Run 'pod install' or update your CocoaPods installation.\" >&2\n    exit 1\nfi\n# This output is used by Xcode 'outputs' to avoid re-running this script phase.\necho \"SUCCESS\" > \"${SCRIPT_OUTPUT_FILE_0}\"\n";
			showEnvVarsInLog = 0;
		};
		1E04C548D06F92BD15E241EC /* [CP] Embed Pods Frameworks */ = {
			isa = PBXShellScriptBuildPhase;
			buildActionMask = 2147483647;
			files = (
			);
			inputPaths = (
				"${SRCROOT}/Pods/Target Support Files/Pods-MakePauU/Pods-MakePauU-frameworks.sh",
				"${BUILT_PRODUCTS_DIR}/ARCL/ARCL.framework",
				"${BUILT_PRODUCTS_DIR}/Alamofire/Alamofire.framework",
				"${BUILT_PRODUCTS_DIR}/GTMSessionFetcher/GTMSessionFetcher.framework",
				"${BUILT_PRODUCTS_DIR}/GoogleToolboxForMac/GoogleToolboxForMac.framework",
				"${BUILT_PRODUCTS_DIR}/leveldb-library/leveldb.framework",
				"${BUILT_PRODUCTS_DIR}/nanopb/nanopb.framework",
			);
			name = "[CP] Embed Pods Frameworks";
			outputPaths = (
				"${TARGET_BUILD_DIR}/${FRAMEWORKS_FOLDER_PATH}/ARCL.framework",
				"${TARGET_BUILD_DIR}/${FRAMEWORKS_FOLDER_PATH}/Alamofire.framework",
				"${TARGET_BUILD_DIR}/${FRAMEWORKS_FOLDER_PATH}/GTMSessionFetcher.framework",
				"${TARGET_BUILD_DIR}/${FRAMEWORKS_FOLDER_PATH}/GoogleToolboxForMac.framework",
				"${TARGET_BUILD_DIR}/${FRAMEWORKS_FOLDER_PATH}/leveldb.framework",
				"${TARGET_BUILD_DIR}/${FRAMEWORKS_FOLDER_PATH}/nanopb.framework",
			);
			runOnlyForDeploymentPostprocessing = 0;
			shellPath = /bin/sh;
			shellScript = "\"${SRCROOT}/Pods/Target Support Files/Pods-MakePauU/Pods-MakePauU-frameworks.sh\"\n";
			showEnvVarsInLog = 0;
		};
		6EBDB5C22D0D034F9DDB07E5 /* [CP] Copy Pods Resources */ = {
			isa = PBXShellScriptBuildPhase;
			buildActionMask = 2147483647;
			files = (
			);
			inputPaths = (
			);
			name = "[CP] Copy Pods Resources";
			outputPaths = (
			);
			runOnlyForDeploymentPostprocessing = 0;
			shellPath = /bin/sh;
			shellScript = "\"${SRCROOT}/Pods/Target Support Files/Pods-MakePauU/Pods-MakePauU-resources.sh\"\n";
			showEnvVarsInLog = 0;
		};
		B50578B2E3D01C30B95B6AD0 /* [CP] Check Pods Manifest.lock */ = {
			isa = PBXShellScriptBuildPhase;
			buildActionMask = 2147483647;
			files = (
			);
			inputPaths = (
				"${PODS_PODFILE_DIR_PATH}/Podfile.lock",
				"${PODS_ROOT}/Manifest.lock",
			);
			name = "[CP] Check Pods Manifest.lock";
			outputPaths = (
				"$(DERIVED_FILE_DIR)/Pods-MakePauU-checkManifestLockResult.txt",
			);
			runOnlyForDeploymentPostprocessing = 0;
			shellPath = /bin/sh;
			shellScript = "diff \"${PODS_PODFILE_DIR_PATH}/Podfile.lock\" \"${PODS_ROOT}/Manifest.lock\" > /dev/null\nif [ $? != 0 ] ; then\n    # print error to STDERR\n    echo \"error: The sandbox is not in sync with the Podfile.lock. Run 'pod install' or update your CocoaPods installation.\" >&2\n    exit 1\nfi\n# This output is used by Xcode 'outputs' to avoid re-running this script phase.\necho \"SUCCESS\" > \"${SCRIPT_OUTPUT_FILE_0}\"\n";
			showEnvVarsInLog = 0;
		};
		CA37B39BCFAED01838B40821 /* [CP] Embed Pods Frameworks */ = {
			isa = PBXShellScriptBuildPhase;
			buildActionMask = 2147483647;
			files = (
			);
			inputPaths = (
			);
			name = "[CP] Embed Pods Frameworks";
			outputPaths = (
			);
			runOnlyForDeploymentPostprocessing = 0;
			shellPath = /bin/sh;
			shellScript = "\"${SRCROOT}/Pods/Target Support Files/Pods-MakePauUTests/Pods-MakePauUTests-frameworks.sh\"\n";
			showEnvVarsInLog = 0;
		};
/* End PBXShellScriptBuildPhase section */

/* Begin PBXSourcesBuildPhase section */
		8CD8D88D206CD1B100E980AD /* Sources */ = {
			isa = PBXSourcesBuildPhase;
			buildActionMask = 2147483647;
			files = (
				8CBBDFE72070E1B200C89FBB /* LoginTextField.swift in Sources */,
				8CBE3D7520B596D000B07F77 /* StatsInfo.swift in Sources */,
				8C34F75E20959FC0003958FD /* UserImageCell.swift in Sources */,
				8C34F7652095A848003958FD /* ResgisterInfo.swift in Sources */,
				8CBBDFE12070C4A100C89FBB /* IntroCell.swift in Sources */,
				8CBBDFE52070D4BF00C89FBB /* LoginVC.swift in Sources */,
				8CBEB8D72099FF3900B13C42 /* EndingView.swift in Sources */,
				8C11B9F92083544F00DDCDBF /* RoomMemberCell.swift in Sources */,
				8C08FF0A207A12D80021B343 /* CustomTabBar.swift in Sources */,
				8C52B9EE208C603C003002AE /* RankItem.swift in Sources */,
				8CAEA1E9207DD703005A3B5F /* ProfileImageVC.swift in Sources */,
				8CF7301020AEAC6500908B34 /* PreloadVC.swift in Sources */,
				8CBEB8D32099C62E00B13C42 /* SettingEnding.swift in Sources */,
				8C6BBDAC20AC016900575B7C /* UISearchBarExt.swift in Sources */,
				8C34F75C20959F02003958FD /* UserVC.swift in Sources */,
				8C6BBDB020AC04B300575B7C /* SearchBarSegue.swift in Sources */,
				8CBE3D7D20B6B7B800B07F77 /* AirDropAnnotation.swift in Sources */,
				8CAD37B220A1D69700AC92B9 /* SetLoadingScreen.swift in Sources */,
				8C425A1B20B710B800CB7E39 /* SettingCell.swift in Sources */,
				8C08FF042079E05D0021B343 /* CustomButton.swift in Sources */,
				8CAEA1F0207E3E60005A3B5F /* FinalConfirmVC.swift in Sources */,
				8C80219420BA69850051EF3D /* MailboxItem.swift in Sources */,
				8C08FF0E207A284D0021B343 /* ProfileImageView.swift in Sources */,
				8C11B9FE20835CAD00DDCDBF /* StartStatus.swift in Sources */,
				8C8C58BE2096F91400FB31C0 /* EditUserVC.swift in Sources */,
				8C8C58BC2096DE3900FB31C0 /* DataItem.swift in Sources */,
				8C34F76B2095F1E7003958FD /* StatCell.swift in Sources */,
				8C80219B20BA9AC70051EF3D /* MailVC.swift in Sources */,
				8CBE3D6F20B56E6A00B07F77 /* CountDownView.swift in Sources */,
				8CAD37AE20A029EE00AC92B9 /* FirebaseService.swift in Sources */,
				8CBBDFDF2070BFFD00C89FBB /* UIButtonExt.swift in Sources */,
				8CAD37B020A1D0B900AC92B9 /* CustomImageView.swift in Sources */,
				8C08FF08207A0C930021B343 /* UITabBarControllerExt.swift in Sources */,
				8C11BA072084879000DDCDBF /* CountDownVC.swift in Sources */,
				8C52B9EA208C4544003002AE /* ContentViewCell.swift in Sources */,
				8C08FEFD2079D7EF0021B343 /* DateTextFieldLong.swift in Sources */,
				8CAEA1E7207DD6E5005A3B5F /* FirstPageVC.swift in Sources */,
				8C8C58C1209857F700FB31C0 /* TextFieldCell.swift in Sources */,
				8C80219920BA89A50051EF3D /* FriendListCell.swift in Sources */,
				8C52B9E0208A50F1003002AE /* RankingVC.swift in Sources */,
				8C8C58C4209858C800FB31C0 /* TextFieldItem.swift in Sources */,
				8C34F7632095A668003958FD /* ApiService.swift in Sources */,
				8CBBDFDD2070BFD700C89FBB /* UIColorExt.swift in Sources */,
				8C80219120BA68730051EF3D /* MailboxCell.swift in Sources */,
				8C34F7672095B80F003958FD /* LoginInfo.swift in Sources */,
				8CD8D895206CD1B100E980AD /* AppDelegate.swift in Sources */,
				8CBBDFE32070C4C400C89FBB /* IntroItem.swift in Sources */,
				8C34F7602095A020003958FD /* UserImageItem.swift in Sources */,
				8C11B9FB2083557A00DDCDBF /* RoomMemberItem.swift in Sources */,
				8CBEB8D52099C89F00B13C42 /* TestEndingVC.swift in Sources */,
				8CAEA1EB207DDCA9005A3B5F /* StartGameVC.swift in Sources */,
				8C80218E20BA5CF60051EF3D /* MailboxVC.swift in Sources */,
				8C08FF022079DC620021B343 /* DLRadioButton.m in Sources */,
				8C08FF0C207A19B20021B343 /* UIViewExt.swift in Sources */,
				8C11BA092088FC4700DDCDBF /* GameStatus.swift in Sources */,
				8C6F29AA20987AA700FE40A2 /* TextViewCell.swift in Sources */,
				8C6E2D652090EA070068D462 /* ARVC_New.swift in Sources */,
				8CAD37A7209EFC6700AC92B9 /* EndingCell.swift in Sources */,
				8CF7300E20ADE99800908B34 /* SearchVC.swift in Sources */,
				8CBBDFCC206D32AD00C89FBB /* IntroVC.swift in Sources */,
				8C08FEFB2079D3E70021B343 /* DateTextField.swift in Sources */,
				8C52B9E2208A5249003002AE /* MenuBarCell.swift in Sources */,
				8C08FEF92079C50F0021B343 /* RegisterVC.swift in Sources */,
				8C6BBDAA20AC007900575B7C /* FriendListVC.swift in Sources */,
				8C80219620BA7DA90051EF3D /* CustomSearchBar.swift in Sources */,
				8CAD37AC209F0D6500AC92B9 /* EndingItem.swift in Sources */,
				8C52B9EC208C4E24003002AE /* RankCell.swift in Sources */,
				8C6F29AC20987BD500FE40A2 /* TextViewItem.swift in Sources */,
				8C80219D20BAA4AD0051EF3D /* MailCell.swift in Sources */,
				8CBE3D7B20B6A53700B07F77 /* EnterRoomStatus.swift in Sources */,
				8C52B9DE208A4A4A003002AE /* MenuBar.swift in Sources */,
				8C34F76D2095F27A003958FD /* StatItem.swift in Sources */,
				8C6E2D6320905D150068D462 /* Ramp.swift in Sources */,
				8C34F7692095C188003958FD /* MemberId.swift in Sources */,
				8C8C58B72096DD3700FB31C0 /* DataCell.swift in Sources */,
				8CBE3D7920B5BFE500B07F77 /* Setting.swift in Sources */,
				8C08FF10207A2BB10021B343 /* StartButton.swift in Sources */,
			);
			runOnlyForDeploymentPostprocessing = 0;
		};
		8CD8D8A1206CD1B100E980AD /* Sources */ = {
			isa = PBXSourcesBuildPhase;
			buildActionMask = 2147483647;
			files = (
				8CD8D8AA206CD1B100E980AD /* MakePauUTests.swift in Sources */,
			);
			runOnlyForDeploymentPostprocessing = 0;
		};
/* End PBXSourcesBuildPhase section */

/* Begin PBXTargetDependency section */
		8CD8D8A7206CD1B100E980AD /* PBXTargetDependency */ = {
			isa = PBXTargetDependency;
			target = 8CD8D890206CD1B100E980AD /* MakePauU */;
			targetProxy = 8CD8D8A6206CD1B100E980AD /* PBXContainerItemProxy */;
		};
/* End PBXTargetDependency section */

/* Begin PBXVariantGroup section */
		8CD8D898206CD1B100E980AD /* Main.storyboard */ = {
			isa = PBXVariantGroup;
			children = (
				8CD8D899206CD1B100E980AD /* Base */,
			);
			name = Main.storyboard;
			sourceTree = "<group>";
		};
		8CD8D89D206CD1B100E980AD /* LaunchScreen.storyboard */ = {
			isa = PBXVariantGroup;
			children = (
				8CD8D89E206CD1B100E980AD /* Base */,
			);
			name = LaunchScreen.storyboard;
			sourceTree = "<group>";
		};
/* End PBXVariantGroup section */

/* Begin XCBuildConfiguration section */
		8CD8D8AC206CD1B100E980AD /* Debug */ = {
			isa = XCBuildConfiguration;
			buildSettings = {
				ALWAYS_SEARCH_USER_PATHS = NO;
				CLANG_ANALYZER_NONNULL = YES;
				CLANG_ANALYZER_NUMBER_OBJECT_CONVERSION = YES_AGGRESSIVE;
				CLANG_CXX_LANGUAGE_STANDARD = "gnu++14";
				CLANG_CXX_LIBRARY = "libc++";
				CLANG_ENABLE_MODULES = YES;
				CLANG_ENABLE_OBJC_ARC = YES;
				CLANG_WARN_BLOCK_CAPTURE_AUTORELEASING = YES;
				CLANG_WARN_BOOL_CONVERSION = YES;
				CLANG_WARN_COMMA = YES;
				CLANG_WARN_CONSTANT_CONVERSION = YES;
				CLANG_WARN_DEPRECATED_OBJC_IMPLEMENTATIONS = YES;
				CLANG_WARN_DIRECT_OBJC_ISA_USAGE = YES_ERROR;
				CLANG_WARN_DOCUMENTATION_COMMENTS = YES;
				CLANG_WARN_EMPTY_BODY = YES;
				CLANG_WARN_ENUM_CONVERSION = YES;
				CLANG_WARN_INFINITE_RECURSION = YES;
				CLANG_WARN_INT_CONVERSION = YES;
				CLANG_WARN_NON_LITERAL_NULL_CONVERSION = YES;
				CLANG_WARN_OBJC_IMPLICIT_RETAIN_SELF = YES;
				CLANG_WARN_OBJC_LITERAL_CONVERSION = YES;
				CLANG_WARN_OBJC_ROOT_CLASS = YES_ERROR;
				CLANG_WARN_RANGE_LOOP_ANALYSIS = YES;
				CLANG_WARN_STRICT_PROTOTYPES = YES;
				CLANG_WARN_SUSPICIOUS_MOVE = YES;
				CLANG_WARN_UNGUARDED_AVAILABILITY = YES_AGGRESSIVE;
				CLANG_WARN_UNREACHABLE_CODE = YES;
				CLANG_WARN__DUPLICATE_METHOD_MATCH = YES;
				CODE_SIGN_IDENTITY = "iPhone Developer";
				COPY_PHASE_STRIP = NO;
				DEBUG_INFORMATION_FORMAT = dwarf;
				ENABLE_STRICT_OBJC_MSGSEND = YES;
				ENABLE_TESTABILITY = YES;
				GCC_C_LANGUAGE_STANDARD = gnu11;
				GCC_DYNAMIC_NO_PIC = NO;
				GCC_NO_COMMON_BLOCKS = YES;
				GCC_OPTIMIZATION_LEVEL = 0;
				GCC_PREPROCESSOR_DEFINITIONS = (
					"DEBUG=1",
					"$(inherited)",
				);
				GCC_WARN_64_TO_32_BIT_CONVERSION = YES;
				GCC_WARN_ABOUT_RETURN_TYPE = YES_ERROR;
				GCC_WARN_UNDECLARED_SELECTOR = YES;
				GCC_WARN_UNINITIALIZED_AUTOS = YES_AGGRESSIVE;
				GCC_WARN_UNUSED_FUNCTION = YES;
				GCC_WARN_UNUSED_VARIABLE = YES;
				IPHONEOS_DEPLOYMENT_TARGET = 11.2;
				MTL_ENABLE_DEBUG_INFO = YES;
				ONLY_ACTIVE_ARCH = YES;
				SDKROOT = iphoneos;
				SWIFT_ACTIVE_COMPILATION_CONDITIONS = DEBUG;
				SWIFT_OPTIMIZATION_LEVEL = "-Onone";
			};
			name = Debug;
		};
		8CD8D8AD206CD1B100E980AD /* Release */ = {
			isa = XCBuildConfiguration;
			buildSettings = {
				ALWAYS_SEARCH_USER_PATHS = NO;
				CLANG_ANALYZER_NONNULL = YES;
				CLANG_ANALYZER_NUMBER_OBJECT_CONVERSION = YES_AGGRESSIVE;
				CLANG_CXX_LANGUAGE_STANDARD = "gnu++14";
				CLANG_CXX_LIBRARY = "libc++";
				CLANG_ENABLE_MODULES = YES;
				CLANG_ENABLE_OBJC_ARC = YES;
				CLANG_WARN_BLOCK_CAPTURE_AUTORELEASING = YES;
				CLANG_WARN_BOOL_CONVERSION = YES;
				CLANG_WARN_COMMA = YES;
				CLANG_WARN_CONSTANT_CONVERSION = YES;
				CLANG_WARN_DEPRECATED_OBJC_IMPLEMENTATIONS = YES;
				CLANG_WARN_DIRECT_OBJC_ISA_USAGE = YES_ERROR;
				CLANG_WARN_DOCUMENTATION_COMMENTS = YES;
				CLANG_WARN_EMPTY_BODY = YES;
				CLANG_WARN_ENUM_CONVERSION = YES;
				CLANG_WARN_INFINITE_RECURSION = YES;
				CLANG_WARN_INT_CONVERSION = YES;
				CLANG_WARN_NON_LITERAL_NULL_CONVERSION = YES;
				CLANG_WARN_OBJC_IMPLICIT_RETAIN_SELF = YES;
				CLANG_WARN_OBJC_LITERAL_CONVERSION = YES;
				CLANG_WARN_OBJC_ROOT_CLASS = YES_ERROR;
				CLANG_WARN_RANGE_LOOP_ANALYSIS = YES;
				CLANG_WARN_STRICT_PROTOTYPES = YES;
				CLANG_WARN_SUSPICIOUS_MOVE = YES;
				CLANG_WARN_UNGUARDED_AVAILABILITY = YES_AGGRESSIVE;
				CLANG_WARN_UNREACHABLE_CODE = YES;
				CLANG_WARN__DUPLICATE_METHOD_MATCH = YES;
				CODE_SIGN_IDENTITY = "iPhone Developer";
				COPY_PHASE_STRIP = NO;
				DEBUG_INFORMATION_FORMAT = "dwarf-with-dsym";
				ENABLE_NS_ASSERTIONS = NO;
				ENABLE_STRICT_OBJC_MSGSEND = YES;
				GCC_C_LANGUAGE_STANDARD = gnu11;
				GCC_NO_COMMON_BLOCKS = YES;
				GCC_WARN_64_TO_32_BIT_CONVERSION = YES;
				GCC_WARN_ABOUT_RETURN_TYPE = YES_ERROR;
				GCC_WARN_UNDECLARED_SELECTOR = YES;
				GCC_WARN_UNINITIALIZED_AUTOS = YES_AGGRESSIVE;
				GCC_WARN_UNUSED_FUNCTION = YES;
				GCC_WARN_UNUSED_VARIABLE = YES;
				IPHONEOS_DEPLOYMENT_TARGET = 11.2;
				MTL_ENABLE_DEBUG_INFO = NO;
				SDKROOT = iphoneos;
				SWIFT_OPTIMIZATION_LEVEL = "-Owholemodule";
				VALIDATE_PRODUCT = YES;
			};
			name = Release;
		};
		8CD8D8AF206CD1B100E980AD /* Debug */ = {
			isa = XCBuildConfiguration;
			baseConfigurationReference = 6BEBF64C57DF290CBA3C96DE /* Pods-MakePauU.debug.xcconfig */;
			buildSettings = {
				ASSETCATALOG_COMPILER_APPICON_NAME = AppIcon;
				CLANG_ENABLE_MODULES = YES;
				CODE_SIGN_STYLE = Automatic;
				DEVELOPMENT_TEAM = LMNXHHZE26;
				INFOPLIST_FILE = MakePauU/Info.plist;
				LD_RUNPATH_SEARCH_PATHS = "$(inherited) @executable_path/Frameworks";
				PRODUCT_BUNDLE_IDENTIFIER = henry.MakePauUForReal;
				PRODUCT_NAME = "$(TARGET_NAME)";
				SWIFT_OBJC_BRIDGING_HEADER = "MakePauU/RadioButton/MakePauU-Bridging-Header.h";
				SWIFT_OPTIMIZATION_LEVEL = "-Onone";
				SWIFT_VERSION = 4.0;
				TARGETED_DEVICE_FAMILY = "1,2";
			};
			name = Debug;
		};
		8CD8D8B0206CD1B100E980AD /* Release */ = {
			isa = XCBuildConfiguration;
			baseConfigurationReference = A5219AEAFF3404A4C051995C /* Pods-MakePauU.release.xcconfig */;
			buildSettings = {
				ASSETCATALOG_COMPILER_APPICON_NAME = AppIcon;
				CLANG_ENABLE_MODULES = YES;
				CODE_SIGN_STYLE = Automatic;
				DEVELOPMENT_TEAM = LMNXHHZE26;
				INFOPLIST_FILE = MakePauU/Info.plist;
				LD_RUNPATH_SEARCH_PATHS = "$(inherited) @executable_path/Frameworks";
				PRODUCT_BUNDLE_IDENTIFIER = henry.MakePauUForReal;
				PRODUCT_NAME = "$(TARGET_NAME)";
				SWIFT_OBJC_BRIDGING_HEADER = "MakePauU/RadioButton/MakePauU-Bridging-Header.h";
				SWIFT_VERSION = 4.0;
				TARGETED_DEVICE_FAMILY = "1,2";
			};
			name = Release;
		};
		8CD8D8B2206CD1B100E980AD /* Debug */ = {
			isa = XCBuildConfiguration;
			baseConfigurationReference = 812FDD6845AA882D64257C85 /* Pods-MakePauUTests.debug.xcconfig */;
			buildSettings = {
				ALWAYS_EMBED_SWIFT_STANDARD_LIBRARIES = YES;
				BUNDLE_LOADER = "$(TEST_HOST)";
				CODE_SIGN_STYLE = Automatic;
				DEVELOPMENT_TEAM = LMNXHHZE26;
				INFOPLIST_FILE = MakePauUTests/Info.plist;
				LD_RUNPATH_SEARCH_PATHS = "$(inherited) @executable_path/Frameworks @loader_path/Frameworks";
				PRODUCT_BUNDLE_IDENTIFIER = henry.MakePauUTests;
				PRODUCT_NAME = "$(TARGET_NAME)";
				SWIFT_VERSION = 4.0;
				TARGETED_DEVICE_FAMILY = "1,2";
				TEST_HOST = "$(BUILT_PRODUCTS_DIR)/MakePauU.app/MakePauU";
			};
			name = Debug;
		};
		8CD8D8B3206CD1B100E980AD /* Release */ = {
			isa = XCBuildConfiguration;
			baseConfigurationReference = 98AF5F1F8AFAA95E8B607C20 /* Pods-MakePauUTests.release.xcconfig */;
			buildSettings = {
				ALWAYS_EMBED_SWIFT_STANDARD_LIBRARIES = YES;
				BUNDLE_LOADER = "$(TEST_HOST)";
				CODE_SIGN_STYLE = Automatic;
				DEVELOPMENT_TEAM = LMNXHHZE26;
				INFOPLIST_FILE = MakePauUTests/Info.plist;
				LD_RUNPATH_SEARCH_PATHS = "$(inherited) @executable_path/Frameworks @loader_path/Frameworks";
				PRODUCT_BUNDLE_IDENTIFIER = henry.MakePauUTests;
				PRODUCT_NAME = "$(TARGET_NAME)";
				SWIFT_VERSION = 4.0;
				TARGETED_DEVICE_FAMILY = "1,2";
				TEST_HOST = "$(BUILT_PRODUCTS_DIR)/MakePauU.app/MakePauU";
			};
			name = Release;
		};
/* End XCBuildConfiguration section */

/* Begin XCConfigurationList section */
		8CD8D88C206CD1B100E980AD /* Build configuration list for PBXProject "MakePauU" */ = {
			isa = XCConfigurationList;
			buildConfigurations = (
				8CD8D8AC206CD1B100E980AD /* Debug */,
				8CD8D8AD206CD1B100E980AD /* Release */,
			);
			defaultConfigurationIsVisible = 0;
			defaultConfigurationName = Release;
		};
		8CD8D8AE206CD1B100E980AD /* Build configuration list for PBXNativeTarget "MakePauU" */ = {
			isa = XCConfigurationList;
			buildConfigurations = (
				8CD8D8AF206CD1B100E980AD /* Debug */,
				8CD8D8B0206CD1B100E980AD /* Release */,
			);
			defaultConfigurationIsVisible = 0;
			defaultConfigurationName = Release;
		};
		8CD8D8B1206CD1B100E980AD /* Build configuration list for PBXNativeTarget "MakePauUTests" */ = {
			isa = XCConfigurationList;
			buildConfigurations = (
				8CD8D8B2206CD1B100E980AD /* Debug */,
				8CD8D8B3206CD1B100E980AD /* Release */,
			);
			defaultConfigurationIsVisible = 0;
			defaultConfigurationName = Release;
		};
/* End XCConfigurationList section */
	};
	rootObject = 8CD8D889206CD1B100E980AD /* Project object */;
}
